
Microsoft Visual Studio Solution File, Format Version 12.00
# Visual Studio Version 17
VisualStudioVersion = 17.6.33815.320
MinimumVisualStudioVersion = 10.0.40219.1
Project("{FAE04EC0-301F-11D3-BF4B-00C04F79EFBC}") = "academico", "academico\academico.csproj", "{FA6C71CA-45FE-4538-B501-75ABC044FBCB}"
EndProject
Global
	GlobalSection(SolutionConfigurationPlatforms) = preSolution
		Debug|Any CPU = Debug|Any CPU
		Release|Any CPU = Release|Any CPU
	EndGlobalSection
	GlobalSection(ProjectConfigurationPlatforms) = postSolution
		{FA6C71CA-45FE-4538-B501-75ABC044FBCB}.Debug|Any CPU.ActiveCfg = Debug|Any CPU
		{FA6C71CA-45FE-4538-B501-75ABC044FBCB}.Debug|Any CPU.Build.0 = Debug|Any CPU
		{FA6C71CA-45FE-4538-B501-75ABC044FBCB}.Release|Any CPU.ActiveCfg = Release|Any CPU
		{FA6C71CA-45FE-4538-B501-75ABC044FBCB}.Release|Any CPU.Build.0 = Release|Any CPU
	EndGlobalSection
	GlobalSection(SolutionProperties) = preSolution
		HideSolutionNode = FALSE
	EndGlobalSection
	GlobalSection(ExtensibilityGlobals) = postSolution
		SolutionGuid = {0BDD4A97-690C-4AB2-B0B6-0350A415D533}
	EndGlobalSection
EndGlobal
